{
  "originHash" : "66ad70d0f92d670124776086cd23873758152eb74320783392566cffc1999351",
  "pins" : [
    {
      "identity" : "flatbuffers",
      "kind" : "remoteSourceControl",
      "location" : "https://github.com/google/flatbuffers.git",
      "state" : {
        "revision" : "7e163021e59cca4f8e1e35a7c828b5c6b7915953",
        "version" : "25.12.19"
      }
    },
    {
      "identity" : "sdk",
      "kind" : "remoteSourceControl",
      "location" : "https://github.com/open-meteo/sdk.git",
      "state" : {
        "revision" : "a29c4b62dd8445128e6db30f0a6fb5509fa1259c",
        "version" : "1.26.0"
      }
    }
  ],
  "version" : 3
}
