{
  "originHash" : "6f09190f5644420fde4ce203490a0d5954e82061230d4d67305e3f46b4e4fe1f",
  "pins" : [
    {
      "identity" : "polleninformationen-swift",
      "kind" : "remoteSourceControl",
      "location" : "https://github.com/mpwg/polleninformationen-swift",
      "state" : {
        "revision" : "c2f5d8d34b56769a8dacda59d38c9e0b3e7c5722",
        "version" : "1.1.0"
      }
    },
    {
      "identity" : "sentry-cocoa",
      "kind" : "remoteSourceControl",
      "location" : "https://github.com/getsentry/sentry-cocoa/",
      "state" : {
        "revision" : "64c9c5cc401aefde0eda46a9192b36082533a79d",
        "version" : "9.13.0"
      }
    },
    {
      "identity" : "swiftsdk",
      "kind" : "remoteSourceControl",
      "location" : "https://github.com/TelemetryDeck/SwiftSDK",
      "state" : {
        "revision" : "d41d6e86265dc182ba4474f9ef53ecddbbe052b8",
        "version" : "2.12.0"
      }
    }
  ],
  "version" : 3
}
